// !$*UTF8*$!
{
	archiveVersion = 1;
	classes = {
	};
	objectVersion = 50;
	objects = {

/* Begin PBXBuildFile section */
		00EE9F3B5736422F8D1B3752 /* Pods_FXSliderUITests.framework in Frameworks */ = {isa = PBXBuildFile; fileRef = FDF24C311C7EDB179B4B62A8 /* Pods_FXSliderUITests.framework */; };
		9D74478CF314735C62E659A9 /* Pods_FXSliderTests.framework in Frameworks */ = {isa = PBXBuildFile; fileRef = 92C65C3C7D3A8BD77AE049F0 /* Pods_FXSliderTests.framework */; };
		BC8557533EEBD649BB7CD47E /* Pods_FXSlider.framework in Frameworks */ = {isa = PBXBuildFile; fileRef = 00F525C112B3C412C7AC38AE /* Pods_FXSlider.framework */; };
		F550D7252276CCD800A8F66C /* AppDelegate.swift in Sources */ = {isa = PBXBuildFile; fileRef = F550D7242276CCD800A8F66C /* AppDelegate.swift */; };
		F550D7272276CCD800A8F66C /* ViewController.swift in Sources */ = {isa = PBXBuildFile; fileRef = F550D7262276CCD800A8F66C /* ViewController.swift */; };
		F550D72A2276CCD800A8F66C /* Main.storyboard in Resources */ = {isa = PBXBuildFile; fileRef = F550D7282276CCD800A8F66C /* Main.storyboard */; };
		F550D72C2276CCDA00A8F66C /* Assets.xcassets in Resources */ = {isa = PBXBuildFile; fileRef = F550D72B2276CCDA00A8F66C /* Assets.xcassets */; };
		F550D72F2276CCDA00A8F66C /* LaunchScreen.storyboard in Resources */ = {isa = PBXBuildFile; fileRef = F550D72D2276CCDA00A8F66C /* LaunchScreen.storyboard */; };
		F550D73A2276CCDA00A8F66C /* FXSliderTests.swift in Sources */ = {isa = PBXBuildFile; fileRef = F550D7392276CCDA00A8F66C /* FXSliderTests.swift */; };
		F550D7452276CCDA00A8F66C /* FXSliderUITests.swift in Sources */ = {isa = PBXBuildFile; fileRef = F550D7442276CCDA00A8F66C /* FXSliderUITests.swift */; };
		F550D7542276CEC700A8F66C /* FXSlider.swift in Sources */ = {isa = PBXBuildFile; fileRef = F550D7532276CEC700A8F66C /* FXSlider.swift */; };
		F550D7572276CF0C00A8F66C /* FXSlider+Rx.swift in Sources */ = {isa = PBXBuildFile; fileRef = F550D7562276CF0C00A8F66C /* FXSlider+Rx.swift */; };
/* End PBXBuildFile section */

/* Begin PBXContainerItemProxy section */
		F550D7362276CCDA00A8F66C /* PBXContainerItemProxy */ = {
			isa = PBXContainerItemProxy;
			containerPortal = F550D7192276CCD800A8F66C /* Project object */;
			proxyType = 1;
			remoteGlobalIDString = F550D7202276CCD800A8F66C;
			remoteInfo = FXSlider;
		};
		F550D7412276CCDA00A8F66C /* PBXContainerItemProxy */ = {
			isa = PBXContainerItemProxy;
			containerPortal = F550D7192276CCD800A8F66C /* Project object */;
			proxyType = 1;
			remoteGlobalIDString = F550D7202276CCD800A8F66C;
			remoteInfo = FXSlider;
		};
/* End PBXContainerItemProxy section */

/* Begin PBXFileReference section */
		00F525C112B3C412C7AC38AE /* Pods_FXSlider.framework */ = {isa = PBXFileReference; explicitFileType = wrapper.framework; includeInIndex = 0; path = Pods_FXSlider.framework; sourceTree = BUILT_PRODUCTS_DIR; };
		59071A05F9587C4AAEBB08B3 /* Pods-FXSliderUITests.debug.xcconfig */ = {isa = PBXFileReference; includeInIndex = 1; lastKnownFileType = text.xcconfig; name = "Pods-FXSliderUITests.debug.xcconfig"; path = "Pods/Target Support Files/Pods-FXSliderUITests/Pods-FXSliderUITests.debug.xcconfig"; sourceTree = "<group>"; };
		81B39CB9A87E1C04D9CF1120 /* Pods-FXSliderUITests.release.xcconfig */ = {isa = PBXFileReference; includeInIndex = 1; lastKnownFileType = text.xcconfig; name = "Pods-FXSliderUITests.release.xcconfig"; path = "Pods/Target Support Files/Pods-FXSliderUITests/Pods-FXSliderUITests.release.xcconfig"; sourceTree = "<group>"; };
		92C65C3C7D3A8BD77AE049F0 /* Pods_FXSliderTests.framework */ = {isa = PBXFileReference; explicitFileType = wrapper.framework; includeInIndex = 0; path = Pods_FXSliderTests.framework; sourceTree = BUILT_PRODUCTS_DIR; };
		AEB42500776C82E21AAAEE22 /* Pods-FXSlider.release.xcconfig */ = {isa = PBXFileReference; includeInIndex = 1; lastKnownFileType = text.xcconfig; name = "Pods-FXSlider.release.xcconfig"; path = "Pods/Target Support Files/Pods-FXSlider/Pods-FXSlider.release.xcconfig"; sourceTree = "<group>"; };
		C426D875FD2F812612CC5E1B /* Pods-FXSlider.debug.xcconfig */ = {isa = PBXFileReference; includeInIndex = 1; lastKnownFileType = text.xcconfig; name = "Pods-FXSlider.debug.xcconfig"; path = "Pods/Target Support Files/Pods-FXSlider/Pods-FXSlider.debug.xcconfig"; sourceTree = "<group>"; };
		D1EA3BE4E48AAE05BBA29171 /* Pods-FXSliderTests.release.xcconfig */ = {isa = PBXFileReference; includeInIndex = 1; lastKnownFileType = text.xcconfig; name = "Pods-FXSliderTests.release.xcconfig"; path = "Pods/Target Support Files/Pods-FXSliderTests/Pods-FXSliderTests.release.xcconfig"; sourceTree = "<group>"; };
		F23DB0B8644DB1EDA2158981 /* Pods-FXSliderTests.debug.xcconfig */ = {isa = PBXFileReference; includeInIndex = 1; lastKnownFileType = text.xcconfig; name = "Pods-FXSliderTests.debug.xcconfig"; path = "Pods/Target Support Files/Pods-FXSliderTests/Pods-FXSliderTests.debug.xcconfig"; sourceTree = "<group>"; };
		F550D7212276CCD800A8F66C /* FXSlider.app */ = {isa = PBXFileReference; explicitFileType = wrapper.application; includeInIndex = 0; path = FXSlider.app; sourceTree = BUILT_PRODUCTS_DIR; };
		F550D7242276CCD800A8F66C /* AppDelegate.swift */ = {isa = PBXFileReference; lastKnownFileType = sourcecode.swift; path = AppDelegate.swift; sourceTree = "<group>"; };
		F550D7262276CCD800A8F66C /* ViewController.swift */ = {isa = PBXFileReference; lastKnownFileType = sourcecode.swift; path = ViewController.swift; sourceTree = "<group>"; };
		F550D7292276CCD800A8F66C /* Base */ = {isa = PBXFileReference; lastKnownFileType = file.storyboard; name = Base; path = Base.lproj/Main.storyboard; sourceTree = "<group>"; };
		F550D72B2276CCDA00A8F66C /* Assets.xcassets */ = {isa = PBXFileReference; lastKnownFileType = folder.assetcatalog; path = Assets.xcassets; sourceTree = "<group>"; };
		F550D72E2276CCDA00A8F66C /* Base */ = {isa = PBXFileReference; lastKnownFileType = file.storyboard; name = Base; path = Base.lproj/LaunchScreen.storyboard; sourceTree = "<group>"; };
		F550D7302276CCDA00A8F66C /* Info.plist */ = {isa = PBXFileReference; lastKnownFileType = text.plist.xml; path = Info.plist; sourceTree = "<group>"; };
		F550D7352276CCDA00A8F66C /* FXSliderTests.xctest */ = {isa = PBXFileReference; explicitFileType = wrapper.cfbundle; includeInIndex = 0; path = FXSliderTests.xctest; sourceTree = BUILT_PRODUCTS_DIR; };
		F550D7392276CCDA00A8F66C /* FXSliderTests.swift */ = {isa = PBXFileReference; lastKnownFileType = sourcecode.swift; path = FXSliderTests.swift; sourceTree = "<group>"; };
		F550D73B2276CCDA00A8F66C /* Info.plist */ = {isa = PBXFileReference; lastKnownFileType = text.plist.xml; path = Info.plist; sourceTree = "<group>"; };
		F550D7402276CCDA00A8F66C /* FXSliderUITests.xctest */ = {isa = PBXFileReference; explicitFileType = wrapper.cfbundle; includeInIndex = 0; path = FXSliderUITests.xctest; sourceTree = BUILT_PRODUCTS_DIR; };
		F550D7442276CCDA00A8F66C /* FXSliderUITests.swift */ = {isa = PBXFileReference; lastKnownFileType = sourcecode.swift; path = FXSliderUITests.swift; sourceTree = "<group>"; };
		F550D7462276CCDA00A8F66C /* Info.plist */ = {isa = PBXFileReference; lastKnownFileType = text.plist.xml; path = Info.plist; sourceTree = "<group>"; };
		F550D7532276CEC700A8F66C /* FXSlider.swift */ = {isa = PBXFileReference; fileEncoding = 4; lastKnownFileType = sourcecode.swift; path = FXSlider.swift; sourceTree = "<group>"; };
		F550D7562276CF0C00A8F66C /* FXSlider+Rx.swift */ = {isa = PBXFileReference; lastKnownFileType = sourcecode.swift; path = "FXSlider+Rx.swift"; sourceTree = "<group>"; };
		FDF24C311C7EDB179B4B62A8 /* Pods_FXSliderUITests.framework */ = {isa = PBXFileReference; explicitFileType = wrapper.framework; includeInIndex = 0; path = Pods_FXSliderUITests.framework; sourceTree = BUILT_PRODUCTS_DIR; };
/* End PBXFileReference section */

/* Begin PBXFrameworksBuildPhase section */
		F550D71E2276CCD800A8F66C /* Frameworks */ = {
			isa = PBXFrameworksBuildPhase;
			buildActionMask = 2147483647;
			files = (
				BC8557533EEBD649BB7CD47E /* Pods_FXSlider.framework in Frameworks */,
			);
			runOnlyForDeploymentPostprocessing = 0;
		};
		F550D7322276CCDA00A8F66C /* Frameworks */ = {
			isa = PBXFrameworksBuildPhase;
			buildActionMask = 2147483647;
			files = (
				9D74478CF314735C62E659A9 /* Pods_FXSliderTests.framework in Frameworks */,
			);
			runOnlyForDeploymentPostprocessing = 0;
		};
		F550D73D2276CCDA00A8F66C /* Frameworks */ = {
			isa = PBXFrameworksBuildPhase;
			buildActionMask = 2147483647;
			files = (
				00EE9F3B5736422F8D1B3752 /* Pods_FXSliderUITests.framework in Frameworks */,
			);
			runOnlyForDeploymentPostprocessing = 0;
		};
/* End PBXFrameworksBuildPhase section */

/* Begin PBXGroup section */
		7ACEDB3730C85470AF242FA8 /* Frameworks */ = {
			isa = PBXGroup;
			children = (
				00F525C112B3C412C7AC38AE /* Pods_FXSlider.framework */,
				92C65C3C7D3A8BD77AE049F0 /* Pods_FXSliderTests.framework */,
				FDF24C311C7EDB179B4B62A8 /* Pods_FXSliderUITests.framework */,
			);
			name = Frameworks;
			sourceTree = "<group>";
		};
		D9AE0E842A1AA0656B114E1C /* Pods */ = {
			isa = PBXGroup;
			children = (
				C426D875FD2F812612CC5E1B /* Pods-FXSlider.debug.xcconfig */,
				AEB42500776C82E21AAAEE22 /* Pods-FXSlider.release.xcconfig */,
				F23DB0B8644DB1EDA2158981 /* Pods-FXSliderTests.debug.xcconfig */,
				D1EA3BE4E48AAE05BBA29171 /* Pods-FXSliderTests.release.xcconfig */,
				59071A05F9587C4AAEBB08B3 /* Pods-FXSliderUITests.debug.xcconfig */,
				81B39CB9A87E1C04D9CF1120 /* Pods-FXSliderUITests.release.xcconfig */,
			);
			name = Pods;
			sourceTree = "<group>";
		};
		F550D7182276CCD800A8F66C = {
			isa = PBXGroup;
			children = (
				F550D7232276CCD800A8F66C /* FXSlider */,
				F550D7382276CCDA00A8F66C /* FXSliderTests */,
				F550D7432276CCDA00A8F66C /* FXSliderUITests */,
				F550D7222276CCD800A8F66C /* Products */,
				D9AE0E842A1AA0656B114E1C /* Pods */,
				7ACEDB3730C85470AF242FA8 /* Frameworks */,
			);
			sourceTree = "<group>";
		};
		F550D7222276CCD800A8F66C /* Products */ = {
			isa = PBXGroup;
			children = (
				F550D7212276CCD800A8F66C /* FXSlider.app */,
				F550D7352276CCDA00A8F66C /* FXSliderTests.xctest */,
				F550D7402276CCDA00A8F66C /* FXSliderUITests.xctest */,
			);
			name = Products;
			sourceTree = "<group>";
		};
		F550D7232276CCD800A8F66C /* FXSlider */ = {
			isa = PBXGroup;
			children = (
				F550D7242276CCD800A8F66C /* AppDelegate.swift */,
				F550D7262276CCD800A8F66C /* ViewController.swift */,
				F550D7522276CD1600A8F66C /* FXSlider */,
				F550D7552276CEE300A8F66C /* FXSlider+Rx */,
				F550D7282276CCD800A8F66C /* Main.storyboard */,
				F550D72B2276CCDA00A8F66C /* Assets.xcassets */,
				F550D72D2276CCDA00A8F66C /* LaunchScreen.storyboard */,
				F550D7302276CCDA00A8F66C /* Info.plist */,
			);
			path = FXSlider;
			sourceTree = "<group>";
		};
		F550D7382276CCDA00A8F66C /* FXSliderTests */ = {
			isa = PBXGroup;
			children = (
				F550D7392276CCDA00A8F66C /* FXSliderTests.swift */,
				F550D73B2276CCDA00A8F66C /* Info.plist */,
			);
			path = FXSliderTests;
			sourceTree = "<group>";
		};
		F550D7432276CCDA00A8F66C /* FXSliderUITests */ = {
			isa = PBXGroup;
			children = (
				F550D7442276CCDA00A8F66C /* FXSliderUITests.swift */,
				F550D7462276CCDA00A8F66C /* Info.plist */,
			);
			path = FXSliderUITests;
			sourceTree = "<group>";
		};
		F550D7522276CD1600A8F66C /* FXSlider */ = {
			isa = PBXGroup;
			children = (
				F550D7532276CEC700A8F66C /* FXSlider.swift */,
			);
			path = FXSlider;
			sourceTree = "<group>";
		};
		F550D7552276CEE300A8F66C /* FXSlider+Rx */ = {
			isa = PBXGroup;
			children = (
				F550D7562276CF0C00A8F66C /* FXSlider+Rx.swift */,
			);
			path = "FXSlider+Rx";
			sourceTree = "<group>";
		};
/* End PBXGroup section */

/* Begin PBXNativeTarget section */
		F550D7202276CCD800A8F66C /* FXSlider */ = {
			isa = PBXNativeTarget;
			buildConfigurationList = F550D7492276CCDA00A8F66C /* Build configuration list for PBXNativeTarget "FXSlider" */;
			buildPhases = (
				E0EE98C7D491BEA46CEE7510 /* [CP] Check Pods Manifest.lock */,
				F550D71D2276CCD800A8F66C /* Sources */,
				F550D71E2276CCD800A8F66C /* Frameworks */,
				F550D71F2276CCD800A8F66C /* Resources */,
				3C1C54B2A6174710F2E82277 /* [CP] Embed Pods Frameworks */,
			);
			buildRules = (
			);
			dependencies = (
			);
			name = FXSlider;
			productName = FXSlider;
			productReference = F550D7212276CCD800A8F66C /* FXSlider.app */;
			productType = "com.apple.product-type.application";
		};
		F550D7342276CCDA00A8F66C /* FXSliderTests */ = {
			isa = PBXNativeTarget;
			buildConfigurationList = F550D74C2276CCDA00A8F66C /* Build configuration list for PBXNativeTarget "FXSliderTests" */;
			buildPhases = (
				89D1F50412691A0303B8466B /* [CP] Check Pods Manifest.lock */,
				F550D7312276CCDA00A8F66C /* Sources */,
				F550D7322276CCDA00A8F66C /* Frameworks */,
				F550D7332276CCDA00A8F66C /* Resources */,
			);
			buildRules = (
			);
			dependencies = (
				F550D7372276CCDA00A8F66C /* PBXTargetDependency */,
			);
			name = FXSliderTests;
			productName = FXSliderTests;
			productReference = F550D7352276CCDA00A8F66C /* FXSliderTests.xctest */;
			productType = "com.apple.product-type.bundle.unit-test";
		};
		F550D73F2276CCDA00A8F66C /* FXSliderUITests */ = {
			isa = PBXNativeTarget;
			buildConfigurationList = F550D74F2276CCDA00A8F66C /* Build configuration list for PBXNativeTarget "FXSliderUITests" */;
			buildPhases = (
				8895AD020E46EA23F5C76A6C /* [CP] Check Pods Manifest.lock */,
				F550D73C2276CCDA00A8F66C /* Sources */,
				F550D73D2276CCDA00A8F66C /* Frameworks */,
				F550D73E2276CCDA00A8F66C /* Resources */,
			);
			buildRules = (
			);
			dependencies = (
				F550D7422276CCDA00A8F66C /* PBXTargetDependency */,
			);
			name = FXSliderUITests;
			productName = FXSliderUITests;
			productReference = F550D7402276CCDA00A8F66C /* FXSliderUITests.xctest */;
			productType = "com.apple.product-type.bundle.ui-testing";
		};
/* End PBXNativeTarget section */

/* Begin PBXProject section */
		F550D7192276CCD800A8F66C /* Project object */ = {
			isa = PBXProject;
			attributes = {
				LastSwiftUpdateCheck = 1020;
				LastUpgradeCheck = 1020;
				ORGANIZATIONNAME = dong;
				TargetAttributes = {
					F550D7202276CCD800A8F66C = {
						CreatedOnToolsVersion = 10.2.1;
					};
					F550D7342276CCDA00A8F66C = {
						CreatedOnToolsVersion = 10.2.1;
						TestTargetID = F550D7202276CCD800A8F66C;
					};
					F550D73F2276CCDA00A8F66C = {
						CreatedOnToolsVersion = 10.2.1;
						TestTargetID = F550D7202276CCD800A8F66C;
					};
				};
			};
			buildConfigurationList = F550D71C2276CCD800A8F66C /* Build configuration list for PBXProject "FXSlider" */;
			compatibilityVersion = "Xcode 9.3";
			developmentRegion = en;
			hasScannedForEncodings = 0;
			knownRegions = (
				en,
				Base,
			);
			mainGroup = F550D7182276CCD800A8F66C;
			productRefGroup = F550D7222276CCD800A8F66C /* Products */;
			projectDirPath = "";
			projectRoot = "";
			targets = (
				F550D7202276CCD800A8F66C /* FXSlider */,
				F550D7342276CCDA00A8F66C /* FXSliderTests */,
				F550D73F2276CCDA00A8F66C /* FXSliderUITests */,
			);
		};
/* End PBXProject section */

/* Begin PBXResourcesBuildPhase section */
		F550D71F2276CCD800A8F66C /* Resources */ = {
			isa = PBXResourcesBuildPhase;
			buildActionMask = 2147483647;
			files = (
				F550D72F2276CCDA00A8F66C /* LaunchScreen.storyboard in Resources */,
				F550D72C2276CCDA00A8F66C /* Assets.xcassets in Resources */,
				F550D72A2276CCD800A8F66C /* Main.storyboard in Resources */,
			);
			runOnlyForDeploymentPostprocessing = 0;
		};
		F550D7332276CCDA00A8F66C /* Resources */ = {
			isa = PBXResourcesBuildPhase;
			buildActionMask = 2147483647;
			files = (
			);
			runOnlyForDeploymentPostprocessing = 0;
		};
		F550D73E2276CCDA00A8F66C /* Resources */ = {
			isa = PBXResourcesBuildPhase;
			buildActionMask = 2147483647;
			files = (
			);
			runOnlyForDeploymentPostprocessing = 0;
		};
/* End PBXResourcesBuildPhase section */

/* Begin PBXShellScriptBuildPhase section */
		3C1C54B2A6174710F2E82277 /* [CP] Embed Pods Frameworks */ = {
			isa = PBXShellScriptBuildPhase;
			buildActionMask = 2147483647;
			files = (
			);
			inputPaths = (
				"${SRCROOT}/Pods/Target Support Files/Pods-FXSlider/Pods-FXSlider-frameworks.sh",
				"${BUILT_PRODUCTS_DIR}/RxCocoa/RxCocoa.framework",
				"${BUILT_PRODUCTS_DIR}/RxSwift/RxSwift.framework",
			);
			name = "[CP] Embed Pods Frameworks";
			outputPaths = (
				"${TARGET_BUILD_DIR}/${FRAMEWORKS_FOLDER_PATH}/RxCocoa.framework",
				"${TARGET_BUILD_DIR}/${FRAMEWORKS_FOLDER_PATH}/RxSwift.framework",
			);
			runOnlyForDeploymentPostprocessing = 0;
			shellPath = /bin/sh;
			shellScript = "\"${SRCROOT}/Pods/Target Support Files/Pods-FXSlider/Pods-FXSlider-frameworks.sh\"\n";
			showEnvVarsInLog = 0;
		};
		8895AD020E46EA23F5C76A6C /* [CP] Check Pods Manifest.lock */ = {
			isa = PBXShellScriptBuildPhase;
			buildActionMask = 2147483647;
			files = (
			);
			inputPaths = (
				"${PODS_PODFILE_DIR_PATH}/Podfile.lock",
				"${PODS_ROOT}/Manifest.lock",
			);
			name = "[CP] Check Pods Manifest.lock";
			outputPaths = (
				"$(DERIVED_FILE_DIR)/Pods-FXSliderUITests-checkManifestLockResult.txt",
			);
			runOnlyForDeploymentPostprocessing = 0;
			shellPath = /bin/sh;
			shellScript = "diff \"${PODS_PODFILE_DIR_PATH}/Podfile.lock\" \"${PODS_ROOT}/Manifest.lock\" > /dev/null\nif [ $? != 0 ] ; then\n    # print error to STDERR\n    echo \"error: The sandbox is not in sync with the Podfile.lock. Run 'pod install' or update your CocoaPods installation.\" >&2\n    exit 1\nfi\n# This output is used by Xcode 'outputs' to avoid re-running this script phase.\necho \"SUCCESS\" > \"${SCRIPT_OUTPUT_FILE_0}\"\n";
			showEnvVarsInLog = 0;
		};
		89D1F50412691A0303B8466B /* [CP] Check Pods Manifest.lock */ = {
			isa = PBXShellScriptBuildPhase;
			buildActionMask = 2147483647;
			files = (
			);
			inputPaths = (
				"${PODS_PODFILE_DIR_PATH}/Podfile.lock",
				"${PODS_ROOT}/Manifest.lock",
			);
			name = "[CP] Check Pods Manifest.lock";
			outputPaths = (
				"$(DERIVED_FILE_DIR)/Pods-FXSliderTests-checkManifestLockResult.txt",
			);
			runOnlyForDeploymentPostprocessing = 0;
			shellPath = /bin/sh;
			shellScript = "diff \"${PODS_PODFILE_DIR_PATH}/Podfile.lock\" \"${PODS_ROOT}/Manifest.lock\" > /dev/null\nif [ $? != 0 ] ; then\n    # print error to STDERR\n    echo \"error: The sandbox is not in sync with the Podfile.lock. Run 'pod install' or update your CocoaPods installation.\" >&2\n    exit 1\nfi\n# This output is used by Xcode 'outputs' to avoid re-running this script phase.\necho \"SUCCESS\" > \"${SCRIPT_OUTPUT_FILE_0}\"\n";
			showEnvVarsInLog = 0;
		};
		E0EE98C7D491BEA46CEE7510 /* [CP] Check Pods Manifest.lock */ = {
			isa = PBXShellScriptBuildPhase;
			buildActionMask = 2147483647;
			files = (
			);
			inputPaths = (
				"${PODS_PODFILE_DIR_PATH}/Podfile.lock",
				"${PODS_ROOT}/Manifest.lock",
			);
			name = "[CP] Check Pods Manifest.lock";
			outputPaths = (
				"$(DERIVED_FILE_DIR)/Pods-FXSlider-checkManifestLockResult.txt",
			);
			runOnlyForDeploymentPostprocessing = 0;
			shellPath = /bin/sh;
			shellScript = "diff \"${PODS_PODFILE_DIR_PATH}/Podfile.lock\" \"${PODS_ROOT}/Manifest.lock\" > /dev/null\nif [ $? != 0 ] ; then\n    # print error to STDERR\n    echo \"error: The sandbox is not in sync with the Podfile.lock. Run 'pod install' or update your CocoaPods installation.\" >&2\n    exit 1\nfi\n# This output is used by Xcode 'outputs' to avoid re-running this script phase.\necho \"SUCCESS\" > \"${SCRIPT_OUTPUT_FILE_0}\"\n";
			showEnvVarsInLog = 0;
		};
/* End PBXShellScriptBuildPhase section */

/* Begin PBXSourcesBuildPhase section */
		F550D71D2276CCD800A8F66C /* Sources */ = {
			isa = PBXSourcesBuildPhase;
			buildActionMask = 2147483647;
			files = (
				F550D7272276CCD800A8F66C /* ViewController.swift in Sources */,
				F550D7542276CEC700A8F66C /* FXSlider.swift in Sources */,
				F550D7572276CF0C00A8F66C /* FXSlider+Rx.swift in Sources */,
				F550D7252276CCD800A8F66C /* AppDelegate.swift in Sources */,
			);
			runOnlyForDeploymentPostprocessing = 0;
		};
		F550D7312276CCDA00A8F66C /* Sources */ = {
			isa = PBXSourcesBuildPhase;
			buildActionMask = 2147483647;
			files = (
				F550D73A2276CCDA00A8F66C /* FXSliderTests.swift in Sources */,
			);
			runOnlyForDeploymentPostprocessing = 0;
		};
		F550D73C2276CCDA00A8F66C /* Sources */ = {
			isa = PBXSourcesBuildPhase;
			buildActionMask = 2147483647;
			files = (
				F550D7452276CCDA00A8F66C /* FXSliderUITests.swift in Sources */,
			);
			runOnlyForDeploymentPostprocessing = 0;
		};
/* End PBXSourcesBuildPhase section */

/* Begin PBXTargetDependency section */
		F550D7372276CCDA00A8F66C /* PBXTargetDependency */ = {
			isa = PBXTargetDependency;
			target = F550D7202276CCD800A8F66C /* FXSlider */;
			targetProxy = F550D7362276CCDA00A8F66C /* PBXContainerItemProxy */;
		};
		F550D7422276CCDA00A8F66C /* PBXTargetDependency */ = {
			isa = PBXTargetDependency;
			target = F550D7202276CCD800A8F66C /* FXSlider */;
			targetProxy = F550D7412276CCDA00A8F66C /* PBXContainerItemProxy */;
		};
/* End PBXTargetDependency section */

/* Begin PBXVariantGroup section */
		F550D7282276CCD800A8F66C /* Main.storyboard */ = {
			isa = PBXVariantGroup;
			children = (
				F550D7292276CCD800A8F66C /* Base */,
			);
			name = Main.storyboard;
			sourceTree = "<group>";
		};
		F550D72D2276CCDA00A8F66C /* LaunchScreen.storyboard */ = {
			isa = PBXVariantGroup;
			children = (
				F550D72E2276CCDA00A8F66C /* Base */,
			);
			name = LaunchScreen.storyboard;
			sourceTree = "<group>";
		};
/* End PBXVariantGroup section */

/* Begin XCBuildConfiguration section */
		F550D7472276CCDA00A8F66C /* Debug */ = {
			isa = XCBuildConfiguration;
			buildSettings = {
				ALWAYS_SEARCH_USER_PATHS = NO;
				CLANG_ANALYZER_NONNULL = YES;
				CLANG_ANALYZER_NUMBER_OBJECT_CONVERSION = YES_AGGRESSIVE;
				CLANG_CXX_LANGUAGE_STANDARD = "gnu++14";
				CLANG_CXX_LIBRARY = "libc++";
				CLANG_ENABLE_MODULES = YES;
				CLANG_ENABLE_OBJC_ARC = YES;
				CLANG_ENABLE_OBJC_WEAK = YES;
				CLANG_WARN_BLOCK_CAPTURE_AUTORELEASING = YES;
				CLANG_WARN_BOOL_CONVERSION = YES;
				CLANG_WARN_COMMA = YES;
				CLANG_WARN_CONSTANT_CONVERSION = YES;
				CLANG_WARN_DEPRECATED_OBJC_IMPLEMENTATIONS = YES;
				CLANG_WARN_DIRECT_OBJC_ISA_USAGE = YES_ERROR;
				CLANG_WARN_DOCUMENTATION_COMMENTS = YES;
				CLANG_WARN_EMPTY_BODY = YES;
				CLANG_WARN_ENUM_CONVERSION = YES;
				CLANG_WARN_INFINITE_RECURSION = YES;
				CLANG_WARN_INT_CONVERSION = YES;
				CLANG_WARN_NON_LITERAL_NULL_CONVERSION = YES;
				CLANG_WARN_OBJC_IMPLICIT_RETAIN_SELF = YES;
				CLANG_WARN_OBJC_LITERAL_CONVERSION = YES;
				CLANG_WARN_OBJC_ROOT_CLASS = YES_ERROR;
				CLANG_WARN_RANGE_LOOP_ANALYSIS = YES;
				CLANG_WARN_STRICT_PROTOTYPES = YES;
				CLANG_WARN_SUSPICIOUS_MOVE = YES;
				CLANG_WARN_UNGUARDED_AVAILABILITY = YES_AGGRESSIVE;
				CLANG_WARN_UNREACHABLE_CODE = YES;
				CLANG_WARN__DUPLICATE_METHOD_MATCH = YES;
				CODE_SIGN_IDENTITY = "iPhone Developer";
				COPY_PHASE_STRIP = NO;
				DEBUG_INFORMATION_FORMAT = dwarf;
				ENABLE_STRICT_OBJC_MSGSEND = YES;
				ENABLE_TESTABILITY = YES;
				GCC_C_LANGUAGE_STANDARD = gnu11;
				GCC_DYNAMIC_NO_PIC = NO;
				GCC_NO_COMMON_BLOCKS = YES;
				GCC_OPTIMIZATION_LEVEL = 0;
				GCC_PREPROCESSOR_DEFINITIONS = (
					"DEBUG=1",
					"$(inherited)",
				);
				GCC_WARN_64_TO_32_BIT_CONVERSION = YES;
				GCC_WARN_ABOUT_RETURN_TYPE = YES_ERROR;
				GCC_WARN_UNDECLARED_SELECTOR = YES;
				GCC_WARN_UNINITIALIZED_AUTOS = YES_AGGRESSIVE;
				GCC_WARN_UNUSED_FUNCTION = YES;
				GCC_WARN_UNUSED_VARIABLE = YES;
				IPHONEOS_DEPLOYMENT_TARGET = 12.2;
				MTL_ENABLE_DEBUG_INFO = INCLUDE_SOURCE;
				MTL_FAST_MATH = YES;
				ONLY_ACTIVE_ARCH = YES;
				SDKROOT = iphoneos;
				SWIFT_ACTIVE_COMPILATION_CONDITIONS = DEBUG;
				SWIFT_OPTIMIZATION_LEVEL = "-Onone";
			};
			name = Debug;
		};
		F550D7482276CCDA00A8F66C /* Release */ = {
			isa = XCBuildConfiguration;
			buildSettings = {
				ALWAYS_SEARCH_USER_PATHS = NO;
				CLANG_ANALYZER_NONNULL = YES;
				CLANG_ANALYZER_NUMBER_OBJECT_CONVERSION = YES_AGGRESSIVE;
				CLANG_CXX_LANGUAGE_STANDARD = "gnu++14";
				CLANG_CXX_LIBRARY = "libc++";
				CLANG_ENABLE_MODULES = YES;
				CLANG_ENABLE_OBJC_ARC = YES;
				CLANG_ENABLE_OBJC_WEAK = YES;
				CLANG_WARN_BLOCK_CAPTURE_AUTORELEASING = YES;
				CLANG_WARN_BOOL_CONVERSION = YES;
				CLANG_WARN_COMMA = YES;
				CLANG_WARN_CONSTANT_CONVERSION = YES;
				CLANG_WARN_DEPRECATED_OBJC_IMPLEMENTATIONS = YES;
				CLANG_WARN_DIRECT_OBJC_ISA_USAGE = YES_ERROR;
				CLANG_WARN_DOCUMENTATION_COMMENTS = YES;
				CLANG_WARN_EMPTY_BODY = YES;
				CLANG_WARN_ENUM_CONVERSION = YES;
				CLANG_WARN_INFINITE_RECURSION = YES;
				CLANG_WARN_INT_CONVERSION = YES;
				CLANG_WARN_NON_LITERAL_NULL_CONVERSION = YES;
				CLANG_WARN_OBJC_IMPLICIT_RETAIN_SELF = YES;
				CLANG_WARN_OBJC_LITERAL_CONVERSION = YES;
				CLANG_WARN_OBJC_ROOT_CLASS = YES_ERROR;
				CLANG_WARN_RANGE_LOOP_ANALYSIS = YES;
				CLANG_WARN_STRICT_PROTOTYPES = YES;
				CLANG_WARN_SUSPICIOUS_MOVE = YES;
				CLANG_WARN_UNGUARDED_AVAILABILITY = YES_AGGRESSIVE;
				CLANG_WARN_UNREACHABLE_CODE = YES;
				CLANG_WARN__DUPLICATE_METHOD_MATCH = YES;
				CODE_SIGN_IDENTITY = "iPhone Developer";
				COPY_PHASE_STRIP = NO;
				DEBUG_INFORMATION_FORMAT = "dwarf-with-dsym";
				ENABLE_NS_ASSERTIONS = NO;
				ENABLE_STRICT_OBJC_MSGSEND = YES;
				GCC_C_LANGUAGE_STANDARD = gnu11;
				GCC_NO_COMMON_BLOCKS = YES;
				GCC_WARN_64_TO_32_BIT_CONVERSION = YES;
				GCC_WARN_ABOUT_RETURN_TYPE = YES_ERROR;
				GCC_WARN_UNDECLARED_SELECTOR = YES;
				GCC_WARN_UNINITIALIZED_AUTOS = YES_AGGRESSIVE;
				GCC_WARN_UNUSED_FUNCTION = YES;
				GCC_WARN_UNUSED_VARIABLE = YES;
				IPHONEOS_DEPLOYMENT_TARGET = 12.2;
				MTL_ENABLE_DEBUG_INFO = NO;
				MTL_FAST_MATH = YES;
				SDKROOT = iphoneos;
				SWIFT_COMPILATION_MODE = wholemodule;
				SWIFT_OPTIMIZATION_LEVEL = "-O";
				VALIDATE_PRODUCT = YES;
			};
			name = Release;
		};
		F550D74A2276CCDA00A8F66C /* Debug */ = {
			isa = XCBuildConfiguration;
			baseConfigurationReference = C426D875FD2F812612CC5E1B /* Pods-FXSlider.debug.xcconfig */;
			buildSettings = {
				ASSETCATALOG_COMPILER_APPICON_NAME = AppIcon;
				CODE_SIGN_STYLE = Automatic;
				DEVELOPMENT_TEAM = 5GVAHXKD3B;
				INFOPLIST_FILE = FXSlider/Info.plist;
				IPHONEOS_DEPLOYMENT_TARGET = 8.0;
				LD_RUNPATH_SEARCH_PATHS = (
					"$(inherited)",
					"@executable_path/Frameworks",
				);
				PRODUCT_BUNDLE_IDENTIFIER = com.dong.FXSlider;
				PRODUCT_NAME = "$(TARGET_NAME)";
				SWIFT_VERSION = 5.0;
				TARGETED_DEVICE_FAMILY = "1,2";
			};
			name = Debug;
		};
		F550D74B2276CCDA00A8F66C /* Release */ = {
			isa = XCBuildConfiguration;
			baseConfigurationReference = AEB42500776C82E21AAAEE22 /* Pods-FXSlider.release.xcconfig */;
			buildSettings = {
				ASSETCATALOG_COMPILER_APPICON_NAME = AppIcon;
				CODE_SIGN_STYLE = Automatic;
				DEVELOPMENT_TEAM = 5GVAHXKD3B;
				INFOPLIST_FILE = FXSlider/Info.plist;
				IPHONEOS_DEPLOYMENT_TARGET = 8.0;
				LD_RUNPATH_SEARCH_PATHS = (
					"$(inherited)",
					"@executable_path/Frameworks",
				);
				PRODUCT_BUNDLE_IDENTIFIER = com.dong.FXSlider;
				PRODUCT_NAME = "$(TARGET_NAME)";
				SWIFT_VERSION = 5.0;
				TARGETED_DEVICE_FAMILY = "1,2";
			};
			name = Release;
		};
		F550D74D2276CCDA00A8F66C /* Debug */ = {
			isa = XCBuildConfiguration;
			baseConfigurationReference = F23DB0B8644DB1EDA2158981 /* Pods-FXSliderTests.debug.xcconfig */;
			buildSettings = {
				ALWAYS_EMBED_SWIFT_STANDARD_LIBRARIES = YES;
				BUNDLE_LOADER = "$(TEST_HOST)";
				CODE_SIGN_STYLE = Automatic;
				INFOPLIST_FILE = FXSliderTests/Info.plist;
				LD_RUNPATH_SEARCH_PATHS = (
					"$(inherited)",
					"@executable_path/Frameworks",
					"@loader_path/Frameworks",
				);
				PRODUCT_BUNDLE_IDENTIFIER = com.dong.FXSliderTests;
				PRODUCT_NAME = "$(TARGET_NAME)";
				SWIFT_VERSION = 5.0;
				TARGETED_DEVICE_FAMILY = "1,2";
				TEST_HOST = "$(BUILT_PRODUCTS_DIR)/FXSlider.app/FXSlider";
			};
			name = Debug;
		};
		F550D74E2276CCDA00A8F66C /* Release */ = {
			isa = XCBuildConfiguration;
			baseConfigurationReference = D1EA3BE4E48AAE05BBA29171 /* Pods-FXSliderTests.release.xcconfig */;
			buildSettings = {
				ALWAYS_EMBED_SWIFT_STANDARD_LIBRARIES = YES;
				BUNDLE_LOADER = "$(TEST_HOST)";
				CODE_SIGN_STYLE = Automatic;
				INFOPLIST_FILE = FXSliderTests/Info.plist;
				LD_RUNPATH_SEARCH_PATHS = (
					"$(inherited)",
					"@executable_path/Frameworks",
					"@loader_path/Frameworks",
				);
				PRODUCT_BUNDLE_IDENTIFIER = com.dong.FXSliderTests;
				PRODUCT_NAME = "$(TARGET_NAME)";
				SWIFT_VERSION = 5.0;
				TARGETED_DEVICE_FAMILY = "1,2";
				TEST_HOST = "$(BUILT_PRODUCTS_DIR)/FXSlider.app/FXSlider";
			};
			name = Release;
		};
		F550D7502276CCDA00A8F66C /* Debug */ = {
			isa = XCBuildConfiguration;
			baseConfigurationReference = 59071A05F9587C4AAEBB08B3 /* Pods-FXSliderUITests.debug.xcconfig */;
			buildSettings = {
				ALWAYS_EMBED_SWIFT_STANDARD_LIBRARIES = YES;
				CODE_SIGN_STYLE = Automatic;
				INFOPLIST_FILE = FXSliderUITests/Info.plist;
				LD_RUNPATH_SEARCH_PATHS = (
					"$(inherited)",
					"@executable_path/Frameworks",
					"@loader_path/Frameworks",
				);
				PRODUCT_BUNDLE_IDENTIFIER = com.dong.FXSliderUITests;
				PRODUCT_NAME = "$(TARGET_NAME)";
				SWIFT_VERSION = 5.0;
				TARGETED_DEVICE_FAMILY = "1,2";
				TEST_TARGET_NAME = FXSlider;
			};
			name = Debug;
		};
		F550D7512276CCDA00A8F66C /* Release */ = {
			isa = XCBuildConfiguration;
			baseConfigurationReference = 81B39CB9A87E1C04D9CF1120 /* Pods-FXSliderUITests.release.xcconfig */;
			buildSettings = {
				ALWAYS_EMBED_SWIFT_STANDARD_LIBRARIES = YES;
				CODE_SIGN_STYLE = Automatic;
				INFOPLIST_FILE = FXSliderUITests/Info.plist;
				LD_RUNPATH_SEARCH_PATHS = (
					"$(inherited)",
					"@executable_path/Frameworks",
					"@loader_path/Frameworks",
				);
				PRODUCT_BUNDLE_IDENTIFIER = com.dong.FXSliderUITests;
				PRODUCT_NAME = "$(TARGET_NAME)";
				SWIFT_VERSION = 5.0;
				TARGETED_DEVICE_FAMILY = "1,2";
				TEST_TARGET_NAME = FXSlider;
			};
			name = Release;
		};
/* End XCBuildConfiguration section */

/* Begin XCConfigurationList section */
		F550D71C2276CCD800A8F66C /* Build configuration list for PBXProject "FXSlider" */ = {
			isa = XCConfigurationList;
			buildConfigurations = (
				F550D7472276CCDA00A8F66C /* Debug */,
				F550D7482276CCDA00A8F66C /* Release */,
			);
			defaultConfigurationIsVisible = 0;
			defaultConfigurationName = Release;
		};
		F550D7492276CCDA00A8F66C /* Build configuration list for PBXNativeTarget "FXSlider" */ = {
			isa = XCConfigurationList;
			buildConfigurations = (
				F550D74A2276CCDA00A8F66C /* Debug */,
				F550D74B2276CCDA00A8F66C /* Release */,
			);
			defaultConfigurationIsVisible = 0;
			defaultConfigurationName = Release;
		};
		F550D74C2276CCDA00A8F66C /* Build configuration list for PBXNativeTarget "FXSliderTests" */ = {
			isa = XCConfigurationList;
			buildConfigurations = (
				F550D74D2276CCDA00A8F66C /* Debug */,
				F550D74E2276CCDA00A8F66C /* Release */,
			);
			defaultConfigurationIsVisible = 0;
			defaultConfigurationName = Release;
		};
		F550D74F2276CCDA00A8F66C /* Build configuration list for PBXNativeTarget "FXSliderUITests" */ = {
			isa = XCConfigurationList;
			buildConfigurations = (
				F550D7502276CCDA00A8F66C /* Debug */,
				F550D7512276CCDA00A8F66C /* Release */,
			);
			defaultConfigurationIsVisible = 0;
			defaultConfigurationName = Release;
		};
/* End XCConfigurationList section */
	};
	rootObject = F550D7192276CCD800A8F66C /* Project object */;
}
